
Microsoft Visual Studio Solution File, Format Version 12.00
# Visual Studio Version 17
VisualStudioVersion = 17.14.36511.14 d17.14
MinimumVisualStudioVersion = 10.0.40219.1
Project("{FAE04EC0-301F-11D3-BF4B-00C04F79EFBC}") = "C# Basics-G2-Assignment 1", "C# Basics-G2-Assignment 1\C# Basics-G2-Assignment 1.csproj", "{84CE2FE9-DD63-4E6A-B49C-E942F552C24F}"
EndProject
Global
	GlobalSection(SolutionConfigurationPlatforms) = preSolution
		Debug|Any CPU = Debug|Any CPU
		Release|Any CPU = Release|Any CPU
	EndGlobalSection
	GlobalSection(ProjectConfigurationPlatforms) = postSolution
		{84CE2FE9-DD63-4E6A-B49C-E942F552C24F}.Debug|Any CPU.ActiveCfg = Debug|Any CPU
		{84CE2FE9-DD63-4E6A-B49C-E942F552C24F}.Debug|Any CPU.Build.0 = Debug|Any CPU
		{84CE2FE9-DD63-4E6A-B49C-E942F552C24F}.Release|Any CPU.ActiveCfg = Release|Any CPU
		{84CE2FE9-DD63-4E6A-B49C-E942F552C24F}.Release|Any CPU.Build.0 = Release|Any CPU
	EndGlobalSection
	GlobalSection(SolutionProperties) = preSolution
		HideSolutionNode = FALSE
	EndGlobalSection
	GlobalSection(ExtensibilityGlobals) = postSolution
		SolutionGuid = {7DA846A5-8AE9-47B8-BE7B-1D632503979F}
	EndGlobalSection
EndGlobal
